
Microsoft Visual Studio Solution File, Format Version 12.00
Project("{F2A71F9B-5D33-465A-A702-920D77279786}") = "AddSevenPS", "AddSevenPS\AddSevenPS.fsproj", "{49984BB5-D987-4043-A6B6-4C09CCD60730}"
EndProject
Global
	GlobalSection(SolutionConfigurationPlatforms) = preSolution
		Debug|Any CPU = Debug|Any CPU
		Release|Any CPU = Release|Any CPU
	EndGlobalSection
	GlobalSection(ProjectConfigurationPlatforms) = postSolution
		{49984BB5-D987-4043-A6B6-4C09CCD60730}.Debug|Any CPU.ActiveCfg = Debug|Any CPU
		{49984BB5-D987-4043-A6B6-4C09CCD60730}.Debug|Any CPU.Build.0 = Debug|Any CPU
		{49984BB5-D987-4043-A6B6-4C09CCD60730}.Release|Any CPU.ActiveCfg = Release|Any CPU
		{49984BB5-D987-4043-A6B6-4C09CCD60730}.Release|Any CPU.Build.0 = Release|Any CPU
		{49984BB5-D987-4043-A6B6-4C09CCD60730}.Debug|Any CPU.Deploy.0 = Debug|Any CPU
	EndGlobalSection
EndGlobal
